
Microsoft Visual Studio Solution File, Format Version 12.00
# Visual Studio Version 17
VisualStudioVersion = 17.3.32825.248
MinimumVisualStudioVersion = 10.0.40219.1
Project("{9A19103F-16F7-4668-BE54-9A1E7A4F7556}") = "AdoNet_LINQ", "AdoNet_LINQ\AdoNet_LINQ.csproj", "{49DDDFB8-A704-45BA-B06E-8CC143CC23D7}"
EndProject
Project("{9A19103F-16F7-4668-BE54-9A1E7A4F7556}") = "LINQ_WHERE", "LINQ_WHERE\LINQ_WHERE.csproj", "{72E19DF7-9FB7-4892-8DEC-B9B06AB1C49A}"
EndProject
Project("{9A19103F-16F7-4668-BE54-9A1E7A4F7556}") = "LINQ_ORDER_BY", "LINQ_ORDER_BY\LINQ_ORDER_BY.csproj", "{1E1D6464-3BAE-4F5B-BB79-CA1A14BBF968}"
EndProject
Project("{9A19103F-16F7-4668-BE54-9A1E7A4F7556}") = "LINQ_GROUP_BY", "LINQ_GROUP_BY\LINQ_GROUP_BY.csproj", "{8A426598-6A5E-454E-AB32-42A7DCE5037F}"
EndProject
Project("{9A19103F-16F7-4668-BE54-9A1E7A4F7556}") = "LINQ_INTO", "LINQ_INTO\LINQ_INTO.csproj", "{9788B8B8-4DFD-4AD7-82B3-BEE8CF8C540E}"
EndProject
Project("{9A19103F-16F7-4668-BE54-9A1E7A4F7556}") = "LINQ_LET", "LINQ_LET\LINQ_LET.csproj", "{5F22317B-E639-4ADA-8601-7018F4573846}"
EndProject
Project("{9A19103F-16F7-4668-BE54-9A1E7A4F7556}") = "LINQ_JOIN", "LINQ_JOIN\LINQ_JOIN.csproj", "{FCC574FC-360F-47FF-8922-B577E69578A5}"
EndProject
Project("{9A19103F-16F7-4668-BE54-9A1E7A4F7556}") = "LINQ_AGREGATIONS", "LINQ_AGREGATIONS\LINQ_AGREGATIONS.csproj", "{D82FEE18-FEFB-4B6D-9862-3ED9A29410D2}"
EndProject
Project("{9A19103F-16F7-4668-BE54-9A1E7A4F7556}") = "LINQ_SETS", "LINQ_SETS\LINQ_SETS.csproj", "{28B29B4B-7D03-48BD-A88F-C9090257799D}"
EndProject
Project("{FAE04EC0-301F-11D3-BF4B-00C04F79EFBC}") = "Dz_LINQ", "Dz_LINQ\Dz_LINQ.csproj", "{131B2892-37A9-4593-9E00-A407E0873FCE}"
EndProject
Global
	GlobalSection(SolutionConfigurationPlatforms) = preSolution
		Debug|Any CPU = Debug|Any CPU
		Release|Any CPU = Release|Any CPU
	EndGlobalSection
	GlobalSection(ProjectConfigurationPlatforms) = postSolution
		{49DDDFB8-A704-45BA-B06E-8CC143CC23D7}.Debug|Any CPU.ActiveCfg = Debug|Any CPU
		{49DDDFB8-A704-45BA-B06E-8CC143CC23D7}.Debug|Any CPU.Build.0 = Debug|Any CPU
		{49DDDFB8-A704-45BA-B06E-8CC143CC23D7}.Release|Any CPU.ActiveCfg = Release|Any CPU
		{49DDDFB8-A704-45BA-B06E-8CC143CC23D7}.Release|Any CPU.Build.0 = Release|Any CPU
		{72E19DF7-9FB7-4892-8DEC-B9B06AB1C49A}.Debug|Any CPU.ActiveCfg = Debug|Any CPU
		{72E19DF7-9FB7-4892-8DEC-B9B06AB1C49A}.Debug|Any CPU.Build.0 = Debug|Any CPU
		{72E19DF7-9FB7-4892-8DEC-B9B06AB1C49A}.Release|Any CPU.ActiveCfg = Release|Any CPU
		{72E19DF7-9FB7-4892-8DEC-B9B06AB1C49A}.Release|Any CPU.Build.0 = Release|Any CPU
		{1E1D6464-3BAE-4F5B-BB79-CA1A14BBF968}.Debug|Any CPU.ActiveCfg = Debug|Any CPU
		{1E1D6464-3BAE-4F5B-BB79-CA1A14BBF968}.Debug|Any CPU.Build.0 = Debug|Any CPU
		{1E1D6464-3BAE-4F5B-BB79-CA1A14BBF968}.Release|Any CPU.ActiveCfg = Release|Any CPU
		{1E1D6464-3BAE-4F5B-BB79-CA1A14BBF968}.Release|Any CPU.Build.0 = Release|Any CPU
		{8A426598-6A5E-454E-AB32-42A7DCE5037F}.Debug|Any CPU.ActiveCfg = Debug|Any CPU
		{8A426598-6A5E-454E-AB32-42A7DCE5037F}.Debug|Any CPU.Build.0 = Debug|Any CPU
		{8A426598-6A5E-454E-AB32-42A7DCE5037F}.Release|Any CPU.ActiveCfg = Release|Any CPU
		{8A426598-6A5E-454E-AB32-42A7DCE5037F}.Release|Any CPU.Build.0 = Release|Any CPU
		{9788B8B8-4DFD-4AD7-82B3-BEE8CF8C540E}.Debug|Any CPU.ActiveCfg = Debug|Any CPU
		{9788B8B8-4DFD-4AD7-82B3-BEE8CF8C540E}.Debug|Any CPU.Build.0 = Debug|Any CPU
		{9788B8B8-4DFD-4AD7-82B3-BEE8CF8C540E}.Release|Any CPU.ActiveCfg = Release|Any CPU
		{9788B8B8-4DFD-4AD7-82B3-BEE8CF8C540E}.Release|Any CPU.Build.0 = Release|Any CPU
		{5F22317B-E639-4ADA-8601-7018F4573846}.Debug|Any CPU.ActiveCfg = Debug|Any CPU
		{5F22317B-E639-4ADA-8601-7018F4573846}.Debug|Any CPU.Build.0 = Debug|Any CPU
		{5F22317B-E639-4ADA-8601-7018F4573846}.Release|Any CPU.ActiveCfg = Release|Any CPU
		{5F22317B-E639-4ADA-8601-7018F4573846}.Release|Any CPU.Build.0 = Release|Any CPU
		{FCC574FC-360F-47FF-8922-B577E69578A5}.Debug|Any CPU.ActiveCfg = Debug|Any CPU
		{FCC574FC-360F-47FF-8922-B577E69578A5}.Debug|Any CPU.Build.0 = Debug|Any CPU
		{FCC574FC-360F-47FF-8922-B577E69578A5}.Release|Any CPU.ActiveCfg = Release|Any CPU
		{FCC574FC-360F-47FF-8922-B577E69578A5}.Release|Any CPU.Build.0 = Release|Any CPU
		{D82FEE18-FEFB-4B6D-9862-3ED9A29410D2}.Debug|Any CPU.ActiveCfg = Debug|Any CPU
		{D82FEE18-FEFB-4B6D-9862-3ED9A29410D2}.Debug|Any CPU.Build.0 = Debug|Any CPU
		{D82FEE18-FEFB-4B6D-9862-3ED9A29410D2}.Release|Any CPU.ActiveCfg = Release|Any CPU
		{D82FEE18-FEFB-4B6D-9862-3ED9A29410D2}.Release|Any CPU.Build.0 = Release|Any CPU
		{28B29B4B-7D03-48BD-A88F-C9090257799D}.Debug|Any CPU.ActiveCfg = Debug|Any CPU
		{28B29B4B-7D03-48BD-A88F-C9090257799D}.Debug|Any CPU.Build.0 = Debug|Any CPU
		{28B29B4B-7D03-48BD-A88F-C9090257799D}.Release|Any CPU.ActiveCfg = Release|Any CPU
		{28B29B4B-7D03-48BD-A88F-C9090257799D}.Release|Any CPU.Build.0 = Release|Any CPU
		{131B2892-37A9-4593-9E00-A407E0873FCE}.Debug|Any CPU.ActiveCfg = Debug|Any CPU
		{131B2892-37A9-4593-9E00-A407E0873FCE}.Debug|Any CPU.Build.0 = Debug|Any CPU
		{131B2892-37A9-4593-9E00-A407E0873FCE}.Release|Any CPU.ActiveCfg = Release|Any CPU
		{131B2892-37A9-4593-9E00-A407E0873FCE}.Release|Any CPU.Build.0 = Release|Any CPU
	EndGlobalSection
	GlobalSection(SolutionProperties) = preSolution
		HideSolutionNode = FALSE
	EndGlobalSection
	GlobalSection(ExtensibilityGlobals) = postSolution
		SolutionGuid = {59445036-DC17-4BB5-9DAB-FF568CC1EB39}
	EndGlobalSection
EndGlobal
